
Microsoft Visual Studio Solution File, Format Version 12.00
# Visual Studio Version 17
VisualStudioVersion = 17.2.32616.157
MinimumVisualStudioVersion = 10.0.40219.1
Project("{FAE04EC0-301F-11D3-BF4B-00C04F79EFBC}") = "Assignment 2", "Assignment 2\Assignment 2.csproj", "{B1253C65-9F67-4106-BE89-876B8250728C}"
EndProject
Global
	GlobalSection(SolutionConfigurationPlatforms) = preSolution
		Debug|Any CPU = Debug|Any CPU
		Release|Any CPU = Release|Any CPU
	EndGlobalSection
	GlobalSection(ProjectConfigurationPlatforms) = postSolution
		{B1253C65-9F67-4106-BE89-876B8250728C}.Debug|Any CPU.ActiveCfg = Debug|Any CPU
		{B1253C65-9F67-4106-BE89-876B8250728C}.Debug|Any CPU.Build.0 = Debug|Any CPU
		{B1253C65-9F67-4106-BE89-876B8250728C}.Release|Any CPU.ActiveCfg = Release|Any CPU
		{B1253C65-9F67-4106-BE89-876B8250728C}.Release|Any CPU.Build.0 = Release|Any CPU
	EndGlobalSection
	GlobalSection(SolutionProperties) = preSolution
		HideSolutionNode = FALSE
	EndGlobalSection
	GlobalSection(ExtensibilityGlobals) = postSolution
		SolutionGuid = {A4346A96-9222-4826-82EE-5E25BBCFC75A}
	EndGlobalSection
EndGlobal
